PODS:
  - Nimble (7.0.3)
  - RxCocoa (4.0.0):
    - RxSwift (~> 4.0)
  - RxSegue (2.0.0):
    - RxSwift (~> 4.0)
  - RxSwift (4.0.0)

DEPENDENCIES:
  - Nimble (~> 7.0)
  - RxCocoa (~> 4.0)
  - RxSegue (from `../`)

EXTERNAL SOURCES:
  RxSegue:
    :path: ../

SPEC CHECKSUMS:
  Nimble: 7f5a9c447a33002645a071bddafbfb24ea70e0ac
  RxCocoa: d62846ca96495d862fa4c59ea7d87e5031d7340e
  RxSegue: 5a6d41926f293a635bd9d11149b01ee131d0c601
  RxSwift: fd680d75283beb5e2559486f3c0ff852f0d35334

PODFILE CHECKSUM: 680337950b11ffdc8bffd61e0f44610cbaa38511

COCOAPODS: 1.3.1
