PODS:
  - Nimble (7.0.3)
  - RxCocoa (3.6.1):
    - RxSwift (~> 3.6)
  - RxSegue (1.0.0):
    - RxSwift (~> 3.0)
  - RxSwift (3.6.1)

DEPENDENCIES:
  - Nimble (~> 7.0)
  - RxCocoa (~> 3.0)
  - RxSegue (from `../`)

EXTERNAL SOURCES:
  RxSegue:
    :path: ../

SPEC CHECKSUMS:
  Nimble: 7f5a9c447a33002645a071bddafbfb24ea70e0ac
  RxCocoa: 84a08739ab186248c7f31ce4ee92d6f8a947d690
  RxSegue: 3ab206a598c7abe47d5454fa5645b3414d107408
  RxSwift: f9de85ea20cd2f7716ee5409fc13523dc638e4e4

PODFILE CHECKSUM: 0d35a87d8e09f1ed392ae962cdb32ffcc41d7789

COCOAPODS: 1.3.1
