PODS:
  - Nimble (5.0.0)
  - RxCocoa (3.0.0-beta.2):
    - RxSwift (~> 3.0.0-beta.2)
  - RxSegue (1.0.0.beta.1):
    - RxSwift (= 3.0.0-beta.2)
  - RxSwift (3.0.0-beta.2)

DEPENDENCIES:
  - Nimble
  - RxCocoa (~> 3.0.0-beta.2)
  - RxSegue (from `../`)

EXTERNAL SOURCES:
  RxSegue:
    :path: "../"

SPEC CHECKSUMS:
  Nimble: 56fc9f5020effa2206de22c3dd910f4fb011b92f
  RxCocoa: 1dd105d8a4e18034ccd7bd6d136445363ce67c8e
  RxSegue: 0c6bab28b5487ae0ac33d2d30b1abb940ec3119e
  RxSwift: 0ea939d7d97cb70657190ffde8dc2a9b455778fc

PODFILE CHECKSUM: ba71e87ab034d63ba353c25cef77018e46fc6d44

COCOAPODS: 1.1.0.rc.2
